{
    "_meta": {
        "hash": {
            "sha256": "6113e5811d171eb6e8d9a40803abdd4fe260ce2a98a6eae8e1889a04f7a95b12"
        },
        "pipfile-spec": 6,
        "requires": {
            "python_full_version": "3.10.8",
            "python_version": "3.10"
        },
        "sources": [
            {
                "name": "pypi",
                "url": "https://pypi.org/simple",
                "verify_ssl": true
            }
        ]
    },
    "default": {
        "aggdraw": {
            "hashes": [
                "sha256:02ad4b31804a815d4e802a29893e3d2ebcb186691e7a4843746cd11ccec55aeb",
                "sha256:0510db8ad1030532e7ed104a9ca09f4b6691bc179955c351e45e34ec7184c70b",
                "sha256:0db0fd497fc919d4d353b41c4af62754cbbf2dee7c23f63505dd5ec6bb1a4d4d",
                "sha256:0ec16d58854522b582e4c83e7c8e2086c07ec0fe1a119c2de5a3287c2f52f422",
                "sha256:0ecdafedf9723a6231dbc02bd2a0ef114c87c5dcab1a2ce3d46e4b9efb823ddb",
                "sha256:1d15b673003ed5a205ac20e158a74afb29d7da21a6210878dfcddd91c92d1be0",
                "sha256:1ffc197a5463b8316a702a28f7297d717f479622c665ad35a53d120fb4eaf6ca",
                "sha256:20cab8d1b830fd42ded4841891194414186a3520cb1f6bfc72f415739c1acb51",
                "sha256:35308909cf9a78d3499d00394683e71cafff9353cfefb8cd51d03547253513d9",
                "sha256:397e2434dd94f0368cd0d77873a0f9343452181a27bedb4243a956f542f4e665",
                "sha256:3e192690812b57da9cbef69966b0b91578aceab69af1235edd406c12309b555c",
                "sha256:429fe14093f74df52840706cb644a33a42c98626e9f0b16673de576c92892f68",
                "sha256:45088606a496c26fdd398e17b8d0a9608b43ebd9831ea0b167ba8b1e789ea37e",
                "sha256:6f77d925fc57fc1bc4345f02b84e30e55aa24334e1aa923cc72ebbb61445acea",
                "sha256:867aa70f189b97de52ef55629990706ee331bb2693fd8e4456f9738c626e8293",
                "sha256:8bd59e39d955bb7c84b5c2582c52111a591b883eca508268399d8afda2dd8ea8",
                "sha256:93c1246f5877b4ff9b2773fa1a16c012a4efe8ab9eddb310e1341b529d2d9b58",
                "sha256:9aba19855e6b23c36e18a9462ad319ad11a7c222d33341ae21a5669840e5018d",
                "sha256:c83c9f50ae249d9821037461ec4050a6b56173f4223d9985aa46b096fb548451",
                "sha256:d9628cd3acc63e05d2391c8f3a8d0ef64b37798eea9bc8c69acf242203d0758f",
                "sha256:e0771ce1ddbbc30df37a0122c736d2ea332e15d0fe3d0f3e8b5730ca6129893d",
                "sha256:f1a6ce32c692da750eb64fb5f4a37e82e7964e043e283a1496fddd813ae84c75",
                "sha256:f4daec70913d96a147eebf6e55c9dca54c6bd4b5337cc4565293444378d2f84f",
                "sha256:fb48f079637803354fc001dc162efbac8904fe53bec12d668be77016c0ee3da2",
                "sha256:fda5090d06c5a603af1cd83754b82aed6be2d4e4a5a43def13aded3085f5d450"
            ],
            "markers": "python_version >= '3.7'",
            "version": "==1.3.15"
        },
        "attrs": {
            "hashes": [
                "sha256:29adc2665447e5191d0e7c568fde78b21f9672d344281d0c6e1ab085429b22b6",
                "sha256:86efa402f67bf2df34f51a335487cf46b1ec130d02b8d39fd248abfd30da551c"
            ],
            "markers": "python_version >= '3.5'",
            "version": "==22.1.0"
        },
        "certifi": {
            "hashes": [
                "sha256:0d9c601124e5a6ba9712dbc60d9c53c21e34f5f641fe83002317394311bdce14",
                "sha256:90c1a32f1d68f940488354e36370f6cca89f0f106db09518524c88d6ed83f382"
            ],
            "markers": "python_version >= '3.6'",
            "version": "==2022.9.24"
        },
        "charset-normalizer": {
            "hashes": [
                "sha256:5a3d016c7c547f69d6f81fb0db9449ce888b418b5b9952cc5e6e66843e9dd845",
                "sha256:83e9a75d1911279afd89352c68b45348559d1fc0506b054b346651b5e7fee29f"
            ],
            "markers": "python_full_version >= '3.6.0'",
            "version": "==2.1.1"
        },
        "docopt": {
            "hashes": [
                "sha256:49b3a825280bd66b3aa83585ef59c4a8c82f2c8a522dbe754a8bc8d08c85c491"
            ],
            "version": "==0.6.2"
        },
        "glcontext": {
            "hashes": [
                "sha256:03b3925472771607d13feb9a0de93b04408ae86c91eee3f5e09e43744f90b1af",
                "sha256:03b505fc8ce2dfcf800feac0e20cbb7b1899a5ef7407fa0cccb3267a5b2abbdb",
                "sha256:058bf839884b5d5d8488978ed804023be64fc9bafb674a0ede1ba26c05bd9146",
                "sha256:088482e07aed6229a34fbb1d0c5fbe0ad9c413dbddb5eaaa8e5c83d933cbe8d6",
                "sha256:0961811d85ac551b1ce1f197296a8e5f497b35a149cfc6e128f74dfaef5e592f",
                "sha256:155154084bdedfc8904524d8bd212e5896cc5d5caf1d45c19d13dc34aee4b5ab",
                "sha256:1716d21d423a1a2261cd717bc66714eeb5464d6a061b92678f356ca69cfd1255",
                "sha256:1f1656e931c937f8bdce12c551fa0077db814b123e7f16b6db26e1e7c89dae16",
                "sha256:2fae2d4bcb0564e0eb8e72c97e149faebfad369aeaef74ed7fd17f5f84a07428",
                "sha256:376e12d230fd198a329dfe253b41480b0a015a2dabbac5eecf6b279fe3afb1b3",
                "sha256:3dc6a6133bffc33cb75bbc79dc08bd1e206017ac69ec68f703227aaf5f5129bb",
                "sha256:3ff822473d498d606424f92a341d01121562af35bf1d3d0e2ccd1f9c2f86859b",
                "sha256:440ff5f59f318ce495c6bdddfa01a23dd64713fb960ceb87c3a9423745781d47",
                "sha256:44f7dbf800e6f933a5c56e07b18ef70f44949f34bf57f5d5318e2199c12cbfbc",
                "sha256:46ef33b616027a616dcceba33bc48e589ba24fa84ee43c5b8611c5b57d2dace3",
                "sha256:4d18b3e9e9259595dd5c538c1fd9238f8b26c22d6351397e721ef8a89ad55f12",
                "sha256:51e04b162529f99c7b764129e07aaa3ec8edfc63ca7a212b71e348319f8b821b",
                "sha256:59580776fd7e520995b82a6134c8ca7152a7881e174077fc785f4cc69c476d69",
                "sha256:5a4cc4fef74dcab0b428ef750fad3c05311657ffb4f1dd3d4afa75e664551588",
                "sha256:65bf63b2068e13183e34a4beaf921f20cd144a25cebed0fa9a46f25e8b47577d",
                "sha256:6df4cf354adb911a9ca58bc5c60fb1ae27544527878bc3ddf8f7ea56946c6fcc",
                "sha256:755698083c6119e771ea3f5837143324636700e1e5b397885c05085a837d5876",
                "sha256:79e561b67e606b6e13ba58e6ae3e688e3429dbb5d60e551ba40d649432044f37",
                "sha256:7dc827f119ccc3ea55b7bec73573516117c55319edc93bc2bbcf389bf1e7acfe",
                "sha256:82eff3e5664c5a17fc0cbb1dae2c32088cdd3c3bfbfe4b9c71012275c2a63e8e",
                "sha256:84dc3b831af386cb20cae8fb10ac78d8007bb29118730db2e9f21c329a528028",
                "sha256:867fe03c1c241d2416b719e23d1671537e34e03bab741dcc50d49298c1397073",
                "sha256:87c90b525296c4930b1f74bf460b97af052c3cc9ba47d811f416ed82e1b16b03",
                "sha256:891b56a3bbaf3470595c218e847e79448e95cecb412224c8585da640c61cf29a",
                "sha256:89869925f4e1762878561fa1e3cbd1ee5ce73e5597275b5fc8bc054dd894fca4",
                "sha256:8aa90a648f17bacacef95b09a5fab368e8feff3714fc4b81eb9374bd439850e6",
                "sha256:8ece87d8616bf12e55a08a05159f4303c8b82d348c2c43c7297c85d8e95dfa3e",
                "sha256:94e47dd8cf39cabe20b41dd0c4c6589f0c7a4de2a5bad8e51ab0fc0b4a26ae6b",
                "sha256:a22a3fbb3abefd7a9f5a672af8fccb8d8d996b2eae2075ac9d8ca10f4a6f6653",
                "sha256:a349317c9d634aa56e30aae9ad408bc1b9de281af0e4f87de682b454ebaf540e",
                "sha256:ab8147607af85fc2ec2e02b4364ff36b636f63781295e74220dc5c5856794e07",
                "sha256:ae930d226f9145ec580f3fe10fc23262b8c21a6a0cd6fbc081a6606e9000ce74",
                "sha256:b5dcd68b23b1a549a3b0851d3621630e492ff9015a18f29f2512088b4e03e4d9",
                "sha256:b85c873315741dbc208c199cbe449aa77d1831551dd78d9b3d67e0a6f9eb576d",
                "sha256:bb2d0503f45ad85ca7319bd37fd983e374b3f824c38a450b5f72cfc974114156",
                "sha256:bc906a19be96d2820dee8e681ca1d3129821eb6e5c4f1544db723edf0c0696bd",
                "sha256:cc73099fa7525a20e2021a2f2befa61e9ef306364838c1859ba79f5bd8eda33a",
                "sha256:d986976c9b758d60d966fbaf8bdff129d125e8b2c58889d2220ca96991f1071e",
                "sha256:e48550269c3baff04cc46ca79bd9d2d5a62216665751b10aa86d95ebe182d319",
                "sha256:ef0c7e534e53f14b7b09dc3fe1e207243c9bb3eb2543d9876ed253156ca7a8bf",
                "sha256:f1444229f84a7aea48ce3f1143147acee92eee264826db4c41ea38c6b0a924a9",
                "sha256:f17be52c99e3eaeefaaac780bde40bfa99be3ad32bbfed346bb347c9d0b01967",
                "sha256:f234ebcc3355155811389c320974056ce20233770205fc7cb41d8653d6137efa",
                "sha256:fa4595600a699ed13e854b87116a1519a25e47a10100df01650c1be3532bd629",
                "sha256:fd03d6d8dbfdd9bab97ada98759e345b29d50f690cec95dd01d22d02f616bfea"
            ],
            "version": "==2.3.7"
        },
        "glfw": {
            "hashes": [
                "sha256:09ef5c8ab888d58db9e607af5525088db24fe43a39649f24a3447dad0f7a174d",
                "sha256:1a33f391a22952de524c694a22cf0614d2949503519f2f7f58b0a3d2defdd9be",
                "sha256:1c6ffe20350bd7931c4954720fbef498c2e9bce43ebd719c41de9e87c3fb7173",
                "sha256:1d73640474ee0fdfcb32dc255ba41ee932a5ed924cbf62c53577d6b26c204dd1",
                "sha256:1e9fb75db4acbfc25ae3e7ab5b3cb1b760e927a2be49200cfe8ab7162db33df2",
                "sha256:3301de161e234fcc5f182b5157c3177f8e23ef35893060c47f12770c11a60932",
                "sha256:5ab10ad838d6096eeeb778a291aab3893eeb31abe8e356f8a8f0e338cd8d25c9",
                "sha256:9508e840f25e72e8efbdcc772b87b4c35cacd66c1c9e6bd0bbb08cded070ccc4",
                "sha256:a282a2a742a0d01734dbde746dfc8f696f76373520494e40f39f60615408426d"
            ],
            "index": "pypi",
            "version": "==2.5.5"
        },
        "idna": {
            "hashes": [
                "sha256:814f528e8dead7d329833b91c5faa87d60bf71824cd12a7530b5526063d02cb4",
                "sha256:90b77e79eaa3eba6de819a0c442c0b4ceefc341a7a2ab77d7562bf49f425c5c2"
            ],
            "markers": "python_version >= '3.5'",
            "version": "==3.4"
        },
        "imageio": {
            "hashes": [
                "sha256:0fae027addf02bc89c73a56cc157ad84557f8b8b84aa19b4cb706fefca2d88ff",
                "sha256:bb173f8af27e4921f59539c4d45068fcedb892e58261fce8253f31c9a0ff9ccf"
            ],
            "index": "pypi",
            "version": "==2.22.4"
        },
        "moderngl": {
            "hashes": [
                "sha256:0025ad579c1f4ce91f538810f0821342bf709fa79b73ac3a1e12ce34c7a5cf00",
                "sha256:0125a461d0fc1036011a2b11c5626323a399ce899a7a2191bbc2eac108f5361a",
                "sha256:0a5a6e0f64ec0021a0609fe94c0185a6d6e6556917e87d835db176884640c4cb",
                "sha256:154bda4f87126856f6b6784e5fa7f2e37cd271aef932965fba1a871ac318fca0",
                "sha256:16096371f82b22f9d0ce38e5e1cbabf437b25bde9c862eb0904d9334e8a8bb67",
                "sha256:183aee60ebf81a5ef125acc2473324481d9c0f76ebd01558c7483190bd4e9335",
                "sha256:1e42b2d7d2f26b69b6cfab70c1977356beeaffcf18517eaece8795bd2861ca57",
                "sha256:1f3172d460fbbb34410b5fcd3aea111d2bbfdbd854dd486c0cdd925f23d76c4c",
                "sha256:22ad220ae8da8c55d3728f2167a80f2f859facba9f8a6e5bf64e8779b5056122",
                "sha256:243d2e7137673b272fc609060e9f836dcfd33b46683c10990f465908356da6e6",
                "sha256:2612094ae2203073826e2854075db20c72a4df89bf079304a643a87ddb4720ab",
                "sha256:30f75ed2d6f7f9bdd94a646b9be3453df74579e5a089e66eeac0339598679825",
                "sha256:49bd994110a1dfca9b190c8a2bf157f7f418e99e2ea25a2338de86d5e96d12b3",
                "sha256:4dba3fd61bbc5a216dac41c0b6d81428cbc5083555ed5bfa947d98d262f82545",
                "sha256:5b29fb7ee79964c5a2b8ef5b5bea29f82aa4b97d3499bce49fbfce9f7c6ef4bb",
                "sha256:619942dae1dffced9e4934b211f8d8c1ce3f264e0985552d3962ac82c8f8af38",
                "sha256:61df07c2556c8e45681e97646823d969c1533001cb06fb17b0feb6fc1b3c2113",
                "sha256:67175c60690cd0059468c163242aaa2cbdd86ca50daeb334d813dbf8a3113085",
                "sha256:68a519a697b56a3de0b4c5b60d5ae4a0f30a3c1c7c51939c3be4384c62e63b97",
                "sha256:6c8d37e9f7b5db70e83e2f2a3940a26beaefb03e81b7ab8bf0caf03f88904ac9",
                "sha256:75aae72055d69a26b4d1efdb04b9256eabf02df0dd3dcb1538ad6b918a8664ce",
                "sha256:7618e7fd3dc4d085bdc3401bd201578411ac895b7caad96902329a0ef150d534",
                "sha256:761f581e1609cd4aaba01904c8b6914189187a6083e00416f902796168eb9f7e",
                "sha256:7e2ee96ae3125121a4488da27cf83fab5322029c948358f638445cbaadb49dc4",
                "sha256:7f848e64c3cf5b873a5e745c4c35f6f7f1fcb34006793e69f66c2a4326da0cc9",
                "sha256:7fa5109aae1dd94b8451b416ca1ecc6d87e7bd84b87ef0f4ef33c40545f68b34",
                "sha256:85f8bc7216dd86b8f98f7a69df5b3d2212d9b6f1342fb1377116107f962af531",
                "sha256:87a85dc5e3db9f13f01df93e9718f26179eca4356e3c81bb782b639fe1f67ecc",
                "sha256:8ecc6b643d609502755223b49c39e837fa4257a70c5d393c0b93eb2151d340ae",
                "sha256:911be65770219f4960ed4dc475e3956a210a16365966258bc3ecc070ce144ab9",
                "sha256:a24496b21ea5c59ab6822466f0f09deb7ae25939c7209d1bd7258e8b2482a1fe",
                "sha256:a3cf58b31e860dbbce27858e6b20d342194272b193ea61722aaec31a7ea29037",
                "sha256:aca62a9262f051cb02d73a537eb01b9f25109bfc3ff746100032b448a97f1e83",
                "sha256:baf9e7e3c55ee1ae62619cf7cdc06fa59aadd9ccc127926df9b150f2740caae4",
                "sha256:c1cda98cf6bb318657fbfc9cd8e1647e705c78f90351c68aec689209eaa2df53",
                "sha256:c7656021c086cafbc20e158ab38d2a87fcbf53c321caa7c4843ddbb1b6974785",
                "sha256:cb709f7141bf4bc5961d9b0e3be5e29ead728da39063ff87edc0a494d02f0435",
                "sha256:cc53c67a0ac3b10108d5cf84864804752a7b69623c4202aa806bedbc4d9306e2",
                "sha256:d30ccb6ac869629ea335b95b97868714b5b37ff59fbc2e82351d246584e49075",
                "sha256:d31715dda2d917704035a3444232a5ce0a453b0f79fcbf55aa45a29bba091400",
                "sha256:d6b8fd9bb9d22d68072ea1ed39b3677ad0d11c2d8d8d9b3a5c284a8ddbe0481e",
                "sha256:d899610377af67d36ebf8643a464a7992c73d332dc4b5eb811dcd4691e9e337e",
                "sha256:d93cfa70fe20aaab8238e0e0a4690264eb10842bf269569e69312116d8e03bfb",
                "sha256:db5e465515a21039fb23d6f44782575cc8ed15638d86b8199fc1a6baf3269867",
                "sha256:e216e48ceafe9ccb229e74d88d7c79fa987ac1b3458465336b999634a6cfea94",
                "sha256:e74676a2be42cf8b11dcf00591a6be3f747f182e54569f61111663354c25490e",
                "sha256:ef4f70f11dc1329b2f4e1daf497ca17149a1a59d424d29db2a12fce191dad627",
                "sha256:f12b9b48afdef4b1debb4b3777ea08eca5f809fe4120974fa045a2b726d9a934",
                "sha256:fccb14f8bbebb158b677c359070cda463c8470b881712871e5ee1f72b9aeed0a",
                "sha256:fd6ef314bf672fa3e648dd4ba7b8d40b2bf1a98dc2209542f0d1bdbaa02ecee4"
            ],
            "index": "pypi",
            "version": "==5.7.3"
        },
        "networkx": {
            "hashes": [
                "sha256:230d388117af870fce5647a3c52401fcf753e94720e6ea6b4197a5355648885e",
                "sha256:e435dfa75b1d7195c7b8378c3859f0445cd88c6b0375c181ed66823a9ceb7524"
            ],
            "markers": "python_version >= '3.8'",
            "version": "==2.8.8"
        },
        "numpy": {
            "hashes": [
                "sha256:01dd17cbb340bf0fc23981e52e1d18a9d4050792e8fb8363cecbf066a84b827d",
                "sha256:06005a2ef6014e9956c09ba07654f9837d9e26696a0470e42beedadb78c11b07",
                "sha256:09b7847f7e83ca37c6e627682f145856de331049013853f344f37b0c9690e3df",
                "sha256:0aaee12d8883552fadfc41e96b4c82ee7d794949e2a7c3b3a7201e968c7ecab9",
                "sha256:0cbe9848fad08baf71de1a39e12d1b6310f1d5b2d0ea4de051058e6e1076852d",
                "sha256:1b1766d6f397c18153d40015ddfc79ddb715cabadc04d2d228d4e5a8bc4ded1a",
                "sha256:33161613d2269025873025b33e879825ec7b1d831317e68f4f2f0f84ed14c719",
                "sha256:5039f55555e1eab31124a5768898c9e22c25a65c1e0037f4d7c495a45778c9f2",
                "sha256:522e26bbf6377e4d76403826ed689c295b0b238f46c28a7251ab94716da0b280",
                "sha256:56e454c7833e94ec9769fa0f86e6ff8e42ee38ce0ce1fa4cbb747ea7e06d56aa",
                "sha256:58f545efd1108e647604a1b5aa809591ccd2540f468a880bedb97247e72db387",
                "sha256:5e05b1c973a9f858c74367553e236f287e749465f773328c8ef31abe18f691e1",
                "sha256:7903ba8ab592b82014713c491f6c5d3a1cde5b4a3bf116404e08f5b52f6daf43",
                "sha256:8969bfd28e85c81f3f94eb4a66bc2cf1dbdc5c18efc320af34bffc54d6b1e38f",
                "sha256:92c8c1e89a1f5028a4c6d9e3ccbe311b6ba53694811269b992c0b224269e2398",
                "sha256:9c88793f78fca17da0145455f0d7826bcb9f37da4764af27ac945488116efe63",
                "sha256:a7ac231a08bb37f852849bbb387a20a57574a97cfc7b6cabb488a4fc8be176de",
                "sha256:abdde9f795cf292fb9651ed48185503a2ff29be87770c3b8e2a14b0cd7aa16f8",
                "sha256:af1da88f6bc3d2338ebbf0e22fe487821ea4d8e89053e25fa59d1d79786e7481",
                "sha256:b2a9ab7c279c91974f756c84c365a669a887efa287365a8e2c418f8b3ba73fb0",
                "sha256:bf837dc63ba5c06dc8797c398db1e223a466c7ece27a1f7b5232ba3466aafe3d",
                "sha256:ca51fcfcc5f9354c45f400059e88bc09215fb71a48d3768fb80e357f3b457e1e",
                "sha256:ce571367b6dfe60af04e04a1834ca2dc5f46004ac1cc756fb95319f64c095a96",
                "sha256:d208a0f8729f3fb790ed18a003f3a57895b989b40ea4dce4717e9cf4af62c6bb",
                "sha256:dbee87b469018961d1ad79b1a5d50c0ae850000b639bcb1b694e9981083243b6",
                "sha256:e9f4c4e51567b616be64e05d517c79a8a22f3606499941d97bb76f2ca59f982d",
                "sha256:f063b69b090c9d918f9df0a12116029e274daf0181df392839661c4c7ec9018a",
                "sha256:f9a909a8bae284d46bbfdefbdd4a262ba19d3bc9921b1e76126b1d21c3c34135"
            ],
            "index": "pypi",
            "version": "==1.23.5"
        },
        "packaging": {
            "hashes": [
                "sha256:dd47c42927d89ab911e606518907cc2d3a1f38bbd026385970643f9c5b8ecfeb",
                "sha256:ef103e05f519cdc783ae24ea4e2e0f508a9c99b2d4969652eed6a2e1ea5bd522"
            ],
            "markers": "python_version >= '3.6'",
            "version": "==21.3"
        },
        "pillow": {
            "hashes": [
                "sha256:03150abd92771742d4a8cd6f2fa6246d847dcd2e332a18d0c15cc75bf6703040",
                "sha256:073adb2ae23431d3b9bcbcff3fe698b62ed47211d0716b067385538a1b0f28b8",
                "sha256:0b07fffc13f474264c336298d1b4ce01d9c5a011415b79d4ee5527bb69ae6f65",
                "sha256:0b7257127d646ff8676ec8a15520013a698d1fdc48bc2a79ba4e53df792526f2",
                "sha256:12ce4932caf2ddf3e41d17fc9c02d67126935a44b86df6a206cf0d7161548627",
                "sha256:15c42fb9dea42465dfd902fb0ecf584b8848ceb28b41ee2b58f866411be33f07",
                "sha256:18498994b29e1cf86d505edcb7edbe814d133d2232d256db8c7a8ceb34d18cef",
                "sha256:1c7c8ae3864846fc95f4611c78129301e203aaa2af813b703c55d10cc1628535",
                "sha256:22b012ea2d065fd163ca096f4e37e47cd8b59cf4b0fd47bfca6abb93df70b34c",
                "sha256:276a5ca930c913f714e372b2591a22c4bd3b81a418c0f6635ba832daec1cbcfc",
                "sha256:2e0918e03aa0c72ea56edbb00d4d664294815aa11291a11504a377ea018330d3",
                "sha256:3033fbe1feb1b59394615a1cafaee85e49d01b51d54de0cbf6aa8e64182518a1",
                "sha256:3168434d303babf495d4ba58fc22d6604f6e2afb97adc6a423e917dab828939c",
                "sha256:32a44128c4bdca7f31de5be641187367fe2a450ad83b833ef78910397db491aa",
                "sha256:3dd6caf940756101205dffc5367babf288a30043d35f80936f9bfb37f8355b32",
                "sha256:40e1ce476a7804b0fb74bcfa80b0a2206ea6a882938eaba917f7a0f004b42502",
                "sha256:41e0051336807468be450d52b8edd12ac60bebaa97fe10c8b660f116e50b30e4",
                "sha256:4390e9ce199fc1951fcfa65795f239a8a4944117b5935a9317fb320e7767b40f",
                "sha256:502526a2cbfa431d9fc2a079bdd9061a2397b842bb6bc4239bb176da00993812",
                "sha256:51e0e543a33ed92db9f5ef69a0356e0b1a7a6b6a71b80df99f1d181ae5875636",
                "sha256:57751894f6618fd4308ed8e0c36c333e2f5469744c34729a27532b3db106ee20",
                "sha256:5d77adcd56a42d00cc1be30843d3426aa4e660cab4a61021dc84467123f7a00c",
                "sha256:655a83b0058ba47c7c52e4e2df5ecf484c1b0b0349805896dd350cbc416bdd91",
                "sha256:68943d632f1f9e3dce98908e873b3a090f6cba1cbb1b892a9e8d97c938871fbe",
                "sha256:6c738585d7a9961d8c2821a1eb3dcb978d14e238be3d70f0a706f7fa9316946b",
                "sha256:73bd195e43f3fadecfc50c682f5055ec32ee2c933243cafbfdec69ab1aa87cad",
                "sha256:772a91fc0e03eaf922c63badeca75e91baa80fe2f5f87bdaed4280662aad25c9",
                "sha256:77ec3e7be99629898c9a6d24a09de089fa5356ee408cdffffe62d67bb75fdd72",
                "sha256:7db8b751ad307d7cf238f02101e8e36a128a6cb199326e867d1398067381bff4",
                "sha256:801ec82e4188e935c7f5e22e006d01611d6b41661bba9fe45b60e7ac1a8f84de",
                "sha256:82409ffe29d70fd733ff3c1025a602abb3e67405d41b9403b00b01debc4c9a29",
                "sha256:828989c45c245518065a110434246c44a56a8b2b2f6347d1409c787e6e4651ee",
                "sha256:829f97c8e258593b9daa80638aee3789b7df9da5cf1336035016d76f03b8860c",
                "sha256:871b72c3643e516db4ecf20efe735deb27fe30ca17800e661d769faab45a18d7",
                "sha256:89dca0ce00a2b49024df6325925555d406b14aa3efc2f752dbb5940c52c56b11",
                "sha256:90fb88843d3902fe7c9586d439d1e8c05258f41da473952aa8b328d8b907498c",
                "sha256:97aabc5c50312afa5e0a2b07c17d4ac5e865b250986f8afe2b02d772567a380c",
                "sha256:9aaa107275d8527e9d6e7670b64aabaaa36e5b6bd71a1015ddd21da0d4e06448",
                "sha256:9f47eabcd2ded7698106b05c2c338672d16a6f2a485e74481f524e2a23c2794b",
                "sha256:a0a06a052c5f37b4ed81c613a455a81f9a3a69429b4fd7bb913c3fa98abefc20",
                "sha256:ab388aaa3f6ce52ac1cb8e122c4bd46657c15905904b3120a6248b5b8b0bc228",
                "sha256:ad58d27a5b0262c0c19b47d54c5802db9b34d38bbf886665b626aff83c74bacd",
                "sha256:ae5331c23ce118c53b172fa64a4c037eb83c9165aba3a7ba9ddd3ec9fa64a699",
                "sha256:af0372acb5d3598f36ec0914deed2a63f6bcdb7b606da04dc19a88d31bf0c05b",
                "sha256:afa4107d1b306cdf8953edde0534562607fe8811b6c4d9a486298ad31de733b2",
                "sha256:b03ae6f1a1878233ac620c98f3459f79fd77c7e3c2b20d460284e1fb370557d4",
                "sha256:b0915e734b33a474d76c28e07292f196cdf2a590a0d25bcc06e64e545f2d146c",
                "sha256:b4012d06c846dc2b80651b120e2cdd787b013deb39c09f407727ba90015c684f",
                "sha256:b472b5ea442148d1c3e2209f20f1e0bb0eb556538690fa70b5e1f79fa0ba8dc2",
                "sha256:b59430236b8e58840a0dfb4099a0e8717ffb779c952426a69ae435ca1f57210c",
                "sha256:b90f7616ea170e92820775ed47e136208e04c967271c9ef615b6fbd08d9af0e3",
                "sha256:b9a65733d103311331875c1dca05cb4606997fd33d6acfed695b1232ba1df193",
                "sha256:bac18ab8d2d1e6b4ce25e3424f709aceef668347db8637c2296bcf41acb7cf48",
                "sha256:bca31dd6014cb8b0b2db1e46081b0ca7d936f856da3b39744aef499db5d84d02",
                "sha256:be55f8457cd1eac957af0c3f5ece7bc3f033f89b114ef30f710882717670b2a8",
                "sha256:c7025dce65566eb6e89f56c9509d4f628fddcedb131d9465cacd3d8bac337e7e",
                "sha256:c935a22a557a560108d780f9a0fc426dd7459940dc54faa49d83249c8d3e760f",
                "sha256:dbb8e7f2abee51cef77673be97760abff1674ed32847ce04b4af90f610144c7b",
                "sha256:e6ea6b856a74d560d9326c0f5895ef8050126acfdc7ca08ad703eb0081e82b74",
                "sha256:ebf2029c1f464c59b8bdbe5143c79fa2045a581ac53679733d3a91d400ff9efb",
                "sha256:f1ff2ee69f10f13a9596480335f406dd1f70c3650349e2be67ca3139280cade0"
            ],
            "index": "pypi",
            "version": "==9.3.0"
        },
        "psd-tools": {
            "hashes": [
                "sha256:006146d07b94243f2ccff1433ec351068cb2dda0bd0153087eb2949ba38bac64",
                "sha256:04565f0b78deba7b4e7900a8819b4f108acaa55f950c87c9b4866d050e551348",
                "sha256:06373a00731de9dc62b2c2dc7f6a9475eecd8b3296e6f37ecdb5ec7e076bd2bd",
                "sha256:0d16650c19a23f0312d4bd3314df0d0fa008d40190cbefd36d68c16e5203b409",
                "sha256:0daa9a4e29379b05902e60a92d773b8825f60ac3cff8cf7866835f66ef9a7f82",
                "sha256:1bda3b945631bf1ec4f8730a1c84363daad1e0a76d14704c6603e6e5361a2ade",
                "sha256:1c181dbc569783759a1072d33424f9d19c1e70bb31e28144f0e8e16987456e4a",
                "sha256:1e846fbf30b75f87a777d237ce90fcae5d8176ff0ac584152aae0eac3a0f10a9",
                "sha256:23eb0e449de48c8cf666117727b7a3fc3b81aecebdf352ffef21ef14226231ad",
                "sha256:25a01fe2dcedbe0252f593b34294722e77e3688baaeab14ff2df71c61d566d45",
                "sha256:29d3fd4163af429e19b015d7059356ccd46642e9938b0cabacc8e70e14421431",
                "sha256:2f53b41ab7f8c123f96dbddf09a243a6f2ca1b774aa0422820e5a0cc4b9429df",
                "sha256:2f75f38415d1caf2d527e8338dd702063cf981dd3d70af228e40604fa52434cf",
                "sha256:33a0ca11170ea5b3061aa5278ec0a6460a8964c47e31d77b54938ed363337108",
                "sha256:40a492fb8c0c0b0ec28db22e86976ac76ea26e5601453844554754b93f232cc0",
                "sha256:4d1b78b1697c14fe770b8bff378ab46aab081682ed4ce9c5ec625239d13b2485",
                "sha256:602fd659ce7d3512110529b2ab74bcd121dba3b733a5d232057e7b507c9d5bc5",
                "sha256:60f829939a0d2a17ec667df8f53f496e298c80a7c74e4999c92fed8b9356cefe",
                "sha256:671dc5b1f644468d2b6fc2b44a2268a034593ca3dcf20a38a511f61907543da6",
                "sha256:7276f29d42dbbebbc507b8d7891f0c1a62fd35d8d63d21c1f496c96179374493",
                "sha256:7a6bf7ace09820528a7a87d771438f0921024fb37c6fa629e85a1b447da041d8",
                "sha256:7c4587c59573f4ae5c41af7b2f4b792fcfcc8b84ed85648ee3448114844dc0fe",
                "sha256:820afec7f216c084942161ffafdd29af80cef3b73154bb34b16fe87a98a8e1bf",
                "sha256:86824c71b6d7332a69b541373e7fc1995f86813fee17759c01de96bf68e13ac3",
                "sha256:9078e3b9b6e937c267527120e70e2f019210e233e0af5a63b2f71d06deb7bb62",
                "sha256:97c6c148af5a8094e498e7f4737bd4431db5f813430f70108c7474651fd59648",
                "sha256:9baae500df91486fd20587737bc634bf828a3099ed24337d005fb6dded632251",
                "sha256:9f08e421b8357a71479269076b1bfb981c5b1bfb49c27a9b5600d96d83759cb1",
                "sha256:a002cced2b23fdd59a6448cc41fa8f983a9e8c1aed6e0b108dd989a42130d450",
                "sha256:a1c138e92ca6abca4cecaa8027ad0656077b541cc6d60260897d8953d29ea5a5",
                "sha256:a9a84c9c3f8b05365fb0c3c1a92254388eceae68b11c5c7f90c1302fdbe8f444",
                "sha256:ab052d4894730f75aef27b8c7533fe98abebed6787ef7f3ff02f97e47e19178c",
                "sha256:b17385509945dc75dd02eae423eba9f6e31a8be918d9b46eb68ad592f1595214",
                "sha256:c4ce1b86760b6bc7c7652ac7e7abbb947480e64aa5f1395ae6efa550727c9ca3",
                "sha256:cbd4978529ac41f8c55d382868e2884a9c4fafb331594f71fb94d85286dd30c5",
                "sha256:d8d2f0ccf38c7c4247c679118381064fc4b7811f256a6a1ade003ba1563ea758",
                "sha256:da824f54de0232bced4af8bc3e59b54b03928b4cbb2bc105ba8e77f787f55c39",
                "sha256:ef2371c2ae04fa45ffec76f6c204fa339fe860e0f302cab3c395430f5fb05124",
                "sha256:f878648481df628f66deec0387ac9f0db31964826ee63e779f9bc18cbe0b35d1",
                "sha256:fd1885e2819b217e63e64d101c7c9386dbb1a1d4f87c4862f1b721061cc18396"
            ],
            "index": "pypi",
            "version": "==1.9.23"
        },
        "pyglm": {
            "hashes": [
                "sha256:078f63f5a8463c1bdc2c9fa02575a145167943211625c2a80ff701db38e5aa23",
                "sha256:09d4cbb66ed04542939dfa7d17638ad22b58c39e03b0f05b8fd253817c4b1c87",
                "sha256:0c737df6e011a4e81b6897c589b2338d3949e2da57c1ac9be66988ae5898a293",
                "sha256:1038699746be014bfddf4bae6a7b69a9c3d732927fd68eee11e5e7ef8aebf4fb",
                "sha256:1f89e40f4530131bf6b8beda3ad915e41abe47562c971e2fccde2338473f0a6c",
                "sha256:2124f7d08ca6a72386c345008d1edcf6ba60bef632b593de6d38f92f9260baa7",
                "sha256:276a02b06f3beafef7925f496fdbce2f3f02ed60a07867cf4d0d4cf27ce9fb2d",
                "sha256:27d48acca65d0502b668f5c5ac3bb19f423d38009bf12e8aacd3af42ce846600",
                "sha256:2c40238d1bdcaf597041700233994b3a5803b4c51307a810d36d3147a65b96ca",
                "sha256:2f4e12f913cfeec3b9756e3362f80cd7ffe5ee5fcefd3a16e708f93fd5750b11",
                "sha256:3337850036aeba5c60246279b70bcd24e446c80b4add07fef02f6db300fd8550",
                "sha256:337d9b71533a9c2e208d6228ecb48d56645cb68ccaa5a3928e334efe0986f543",
                "sha256:34152a8d18b9a21d534db2e4a223df05961b7e7521d430da449b9db0ddebdab9",
                "sha256:34d56ec933a56f590b4dafefda918f6f4589bca408e21aaace5cee57bccfa2b3",
                "sha256:37325046b0783b33b7c7ab74d94b04cf2dce8d94ea02ca85d74e14f8c180ad1f",
                "sha256:44300f0a813174585b06475efa67101c6e0124edb747cedb586e6e28e802406d",
                "sha256:45be94d11e268154e6565faf35a4dadabde829e4659d11d0a821ae8985c65a26",
                "sha256:46673d018410ed8c8249214333bd7d3c794b5d2435fee7d2a363bb7055190b3f",
                "sha256:485903afffc21bb054dba7bd654b188ac3b7e71615b217eee15e49881c7faba0",
                "sha256:4ca95ea39bb1b36dce9271eb8881992c31f27c6879c6e2d0e85781d8642d86bb",
                "sha256:51fdd641e4a978800533de51eef0f35a65913d55ac5d44cd2f37ebe625e1eec5",
                "sha256:54d41ab0f0f8894af5134ba4a10157fab5db3c18680049f050c611b7bf9108a2",
                "sha256:5a2ec839ba94ac28b4d7ffe214338cddadff0860fb5dd5943500865d651546e1",
                "sha256:5dd360af9533fb11489be462bbfb78cad230d04d687ec7715c4d813120b254ee",
                "sha256:61bd27197ef26ce203c6201f82ab291f07ce7d7c68d7e45d4bc8c941ef4bb18a",
                "sha256:6eb33aa4eb3180100a5bbab43142e07401e6f65c58d3c632846aac2c82648356",
                "sha256:72376d196ac965e3e79ef6dd987a7991635a9ba928a529f6c3c4e0eec36fe99a",
                "sha256:79741a4c0c1aa16cf47392127cdbd4b9257525bff697bbccedbebd20aa7ac1d5",
                "sha256:7b5528d2d91cd468a8773aaab6fd7b1805ec8a03b9717bdb66c879031e306713",
                "sha256:7bd7fa98b469c8ec7e8901ea1ac52df401c90543e79e2bb6fbe9907a194c876b",
                "sha256:7c793504d3d3a200204f50ccda88ffe7ad80f6a6bc880f4cf9b953e3cfc54b1c",
                "sha256:7caab6475821da7d313ce8e701c21fbda032a71545ca1bc7160483d9f36f66e8",
                "sha256:8133c72b1fd277985d49d8327d08bd24a19614226c713e829c59bc92c1d921c5",
                "sha256:814dd3037c721c9f8625d61eba5101d716168b35d623f0dea5b67ea5d75bb1c0",
                "sha256:83ed3304408e85d411331eeb5f75e409bf61f23b2a933d3eb7f5e19530ff59dc",
                "sha256:8792f159037811e8b326a21c8f8cbe718c00c3c7a039d2c195e4b00dacaeaf74",
                "sha256:90e987324fafdfae3bc951c42441b6bd07788513ee10b17a8873863ac3837e9e",
                "sha256:938f669b06b50cf1515ca8d6e9b73bfc3cc83da7d4f3b32cff02367a76558c1b",
                "sha256:94fe130d4d34a9f14ab72a65075991771e73ae6b3e1d43976635db043908c0c3",
                "sha256:952eaab5390df45489876a53e9cc07f4cfaa2eaa88d58f60771add9556db8151",
                "sha256:97dcc91bc8d786fcfebeb921cd197d7fb73200ac8d278465001718a6a97db7aa",
                "sha256:a2a3f6cfd3ebd05fe129a931b0e5eabaf77bee057265a94159c2097357e2c31c",
                "sha256:a2bb1da338f7b471773da2c132645e757450b7c2daa001c98d6f0f7dd60b98fb",
                "sha256:a2c60e2f9b87ddd90b718626d8de7b435955729cc1eaa3515d5bcd0332ee743a",
                "sha256:a50bb9969eec3777bc7a295968ccd26838504f508b6fe53f683d551ce0610de8",
                "sha256:a5c060c2da916fe5d9472d86b735b211f1949ed874b27cd984a3ef786d56023b",
                "sha256:a7c3335289e109d4a808a279b3be568939c9e587f108bdfdc4c99d67a43bc1f1",
                "sha256:ae8fe6a3900a84e8277b3ff711a0e6771e94bc629a3661c90d8415200827124f",
                "sha256:b08c3fe9300851a927236abb984b4c3efc7d7e1b43ee256b5a71aab373e255e9",
                "sha256:b40b18c25f2cbd41b5932a4f0ba26b3807f51c73f74df63972dd7429250ace62",
                "sha256:b531330c0b8c0c31a14b850803e64ae7b8b321c132d1175566fa1043784dd823",
                "sha256:b7463f31004b979c7e1c2cc2dc4df96e7132bfeb5bb0d3eaa3dce4168975c97c",
                "sha256:b758887aac263064cfdfc6f5f5fef429a623f16bb76e26aa01fec010a1858002",
                "sha256:b7e64223f51ef49657d37a140af58313b055b5e62d908086809de9809759b577",
                "sha256:bf26a1e274db088335558936d1b93c5d06b0239da2dedb582a67f45cce1cbc53",
                "sha256:c4535fa0d63501cc5c386341ee9d68fdce471f5c64dc6e12c18dd09ccab71bc7",
                "sha256:ccc288d32f5d802a30533a2e4daac49a5b5e5750c8f8ed4ba0bf02a481bc3706",
                "sha256:cd64210e3c453139889bea684a6de96f71158a991559fb875a12a057aa7a7722",
                "sha256:cf6d834102de23d9c583ce01b64a9018ad31bfeec0dca9cf9edcb740b635b540",
                "sha256:d03f108a7e9c7bd339f13ca7736c8ad6129970b2a8701068fe7bc84e1bb64fcc",
                "sha256:d0412fb1a9208738c6bfb5ee62a01bc383961848be43b7d6890374b8be809e31",
                "sha256:d138b16d896afef7fd369df1678e45f5d369b30b1229597757d7b8d3b239a812",
                "sha256:da62b2b521e678743839f8fb1e9bb4da96fb1a0d02d3bd120647e5801019859a",
                "sha256:da9437576668ed4e6b762403c7cf45741398bce9ad0182d396fa6940a823470e",
                "sha256:dc011bb6db561039f33dac5e24e721a851c93b9a3d1178772f1f56e03551f029",
                "sha256:dcf0f8cab0969dfabb864703918f3f7857a0e007f29fe5bafb45ae3697a6c340",
                "sha256:de57f141da1a8e6fb9a28816263c912a176872f63278fbbc4c7412d4322c8907",
                "sha256:e4b7aa46bc5b95368db91a21e66256a9fa3c0abee0a061d8942a6d182c2f5069",
                "sha256:e8542ac2fb3891c95c9db04339be679c32e6e45ee4f980f007529df087bb8b5a",
                "sha256:ea9b35c7e201d0db0c7fc5747d6893818b5c3847732ba8bbcafa9fb66ef9fd7f",
                "sha256:eaf8920da63a56cd1031c03ff1b5ed48b405d60e39a548bbc8ce9fd61e1cb247",
                "sha256:eebe50984b0f3c5b99d6a46f8a7f9d644b9394189d36e021d402430a2d0a76d7",
                "sha256:f853abad66ec78602a9e9693d81a6ba6579a0cbe71715bf89f6bc62cbc837170",
                "sha256:fa943a7ed80400df0c7dc718c22d08e24d7b1db0d8901cca8cad04d1c73aea43",
                "sha256:fb0a2d54bdbca536f49952e7a5b1c86cd45039c3e8fe3f5e2c5d90ee4f7524eb"
            ],
            "index": "pypi",
            "version": "==2.6.0"
        },
        "pyparsing": {
            "hashes": [
                "sha256:2b020ecf7d21b687f219b71ecad3631f644a47f01403fa1d1036b0c6416d70fb",
                "sha256:5026bae9a10eeaefb61dab2f09052b9f4307d44aee4eda64b309723d8d206bbc"
            ],
            "markers": "python_full_version >= '3.6.8'",
            "version": "==3.0.9"
        },
        "pyside6": {
            "hashes": [
                "sha256:03261b61652c0a45ccfb6f34cbbcb3449490926401e9e150b528a862a9f97a95",
                "sha256:357af1b85febe54f8c9c3b785ac8d869d40a024bded765525e46cd2b99f6b53a",
                "sha256:88ad906b21a6db13f5046ebec5247972cff5559aa6d462465600c8bc2655d491",
                "sha256:a5e56ce84db3453a1522d7bebaeb161f3c95fd5eeeb159f76e79615294772e8a",
                "sha256:c9674ccb1c36e60c458c4a14edbfecf72a331430e18501f7b667f9db496291df",
                "sha256:e0730024e682dd98ec3637432c98bf682bc8f3e64083acf681a62a1a1a9e2beb"
            ],
            "index": "pypi",
            "version": "==6.4.1"
        },
        "pyside6-addons": {
            "hashes": [
                "sha256:4530b6b46cec721eb0a3960f2cb618e17ef100ee5b0cbfa95201e87bd4a6b3e8",
                "sha256:509ae75aabaf191b07e8e1819efaba1a8bfeda692efbfb8eb5adbfcc8a534d35",
                "sha256:6174d39112ad3ec5fbc86aaaccda71756d8809e716a86bb09e38ed3dcae6d952",
                "sha256:91873aaefa01736bf39148b19fc62ab824000e9cdd1db9ebf98b5e0712f0f946",
                "sha256:aa87ade042bfde316479f2dddbc2c66000a0e65ff5bd24291375a21758e07d36",
                "sha256:d0daf2b685a28f51d2880478b1fd3441c943f8ecfbd41b7dbea3563eb78e8913"
            ],
            "markers": "python_version < '3.12' and python_version >= '3.7'",
            "version": "==6.4.1"
        },
        "pyside6-essentials": {
            "hashes": [
                "sha256:0d3052ab72daebc15381fb095b673dd75cf4d2f1dc8680b7aabe27537cdde352",
                "sha256:3b36d605f28b742dfc676816d440ba6baa51c6f31dd2dbf3a44e28edcf006523",
                "sha256:457d73bb38cf7fb573a24da00ecb9aa7b8cf6a4cb5cc8ffcce2c241502a6e774",
                "sha256:4cade08b091a128ca5567a8d23fd25b1825dc18648cfb71dd002f0935ee4c3cc",
                "sha256:aadd06c09dc51e5894d2fce70210906ce7d981686ceddfff69c47e4227bc1706",
                "sha256:f980e9c8ee9b2304d6c71e499e96f351c82e28cbfcf6cc6cde0feffd706af330"
            ],
            "markers": "python_version < '3.12' and python_version >= '3.7'",
            "version": "==6.4.1"
        },
        "pywavelets": {
            "hashes": [
                "sha256:030670a213ee8fefa56f6387b0c8e7d970c7f7ad6850dc048bd7c89364771b9b",
                "sha256:058b46434eac4c04dd89aeef6fa39e4b6496a951d78c500b6641fd5b2cc2f9f4",
                "sha256:231b0e0b1cdc1112f4af3c24eea7bf181c418d37922a67670e9bf6cfa2d544d4",
                "sha256:23bafd60350b2b868076d976bdd92f950b3944f119b4754b1d7ff22b7acbf6c6",
                "sha256:3f19327f2129fb7977bc59b966b4974dfd72879c093e44a7287500a7032695de",
                "sha256:47cac4fa25bed76a45bc781a293c26ac63e8eaae9eb8f9be961758d22b58649c",
                "sha256:578af438a02a86b70f1975b546f68aaaf38f28fb082a61ceb799816049ed18aa",
                "sha256:6437af3ddf083118c26d8f97ab43b0724b956c9f958e9ea788659f6a2834ba93",
                "sha256:64c6bac6204327321db30b775060fbe8e8642316e6bff17f06b9f34936f88875",
                "sha256:67a0d28a08909f21400cb09ff62ba94c064882ffd9e3a6b27880a111211d59bd",
                "sha256:71ab30f51ee4470741bb55fc6b197b4a2b612232e30f6ac069106f0156342356",
                "sha256:7231461d7a8eb3bdc7aa2d97d9f67ea5a9f8902522818e7e2ead9c2b3408eeb1",
                "sha256:754fa5085768227c4f4a26c1e0c78bc509a266d9ebd0eb69a278be7e3ece943c",
                "sha256:7ab8d9db0fe549ab2ee0bea61f614e658dd2df419d5b75fba47baa761e95f8f2",
                "sha256:875d4d620eee655346e3589a16a73790cf9f8917abba062234439b594e706784",
                "sha256:88aa5449e109d8f5e7f0adef85f7f73b1ab086102865be64421a3a3d02d277f4",
                "sha256:91d3d393cffa634f0e550d88c0e3f217c96cfb9e32781f2960876f1808d9b45b",
                "sha256:9cb5ca8d11d3f98e89e65796a2125be98424d22e5ada360a0dbabff659fca0fc",
                "sha256:ab7da0a17822cd2f6545626946d3b82d1a8e106afc4b50e3387719ba01c7b966",
                "sha256:ad987748f60418d5f4138db89d82ba0cb49b086e0cbb8fd5c3ed4a814cfb705e",
                "sha256:d0e56cd7a53aed3cceca91a04d62feb3a0aca6725b1912d29546c26f6ea90426",
                "sha256:d854411eb5ee9cb4bc5d0e66e3634aeb8f594210f6a1bed96dbed57ec70f181c",
                "sha256:da7b9c006171be1f9ddb12cc6e0d3d703b95f7f43cb5e2c6f5f15d3233fcf202",
                "sha256:daf0aa79842b571308d7c31a9c43bc99a30b6328e6aea3f50388cd8f69ba7dbc",
                "sha256:de7cd61a88a982edfec01ea755b0740e94766e00a1ceceeafef3ed4c85c605cd"
            ],
            "markers": "python_version >= '3.8'",
            "version": "==1.4.1"
        },
        "requests": {
            "hashes": [
                "sha256:7c5599b102feddaa661c826c56ab4fee28bfd17f5abca1ebbe3e7f19d7c97983",
                "sha256:8fefa2a1a1365bf5520aac41836fbee479da67864514bdb821f31ce07ce65349"
            ],
            "index": "pypi",
            "version": "==2.28.1"
        },
        "scikit-image": {
            "hashes": [
                "sha256:03779a7e1736fdf89d83c0ba67d44110496edd736a3bfce61a2b5177a1c8a099",
                "sha256:0b0a199157ce8487c77de4fde0edc0b42d6d42818881c11f459262351d678b2d",
                "sha256:19a21a101a20c587a3b611a2cf6f86c35aae9f8d9563279b987e83ee1c9a9790",
                "sha256:24b5367de1762da6ee126dd8f30cc4e7efda474e0d7d70685433f0e3aa2ec450",
                "sha256:2a02d1bd0e2b53e36b952bd5fd6118d9ccc3ee51de35705d63d8eb1f2e86adef",
                "sha256:2f50b923f8099c1045fcde7418d86b206c87e333e43da980f41d8577b9605245",
                "sha256:32fb88cc36203b99c9672fb972c9ef98635deaa5fc889fe969f3e11c44f22919",
                "sha256:33dfd463ee6cc509defa279b963829f2230c9e0639ccd3931045be055878eea6",
                "sha256:3a01372ae4bca223873304b0bff79b9d92446ac6d6177f73d89b45561e2d09d8",
                "sha256:651de1c2ce1fbee834753b46b8e7d81cb12a5594898babba63ac82b30ddad49d",
                "sha256:6b6a8f98f2ac9bb73706461fd1dec875f6a5141759ed526850a5a49e90003d19",
                "sha256:7f9f8a1387afc6c70f2bed007c3854a2d7489f9f7713c242f16f32ee05934bc2",
                "sha256:84baa3179f3ae983c3a5d81c1e404bc92dcf7daeb41bfe9369badcda3fb22b92",
                "sha256:8d8917fcf85b987b1f287f823f3a1a7dac38b70aaca759bc0200f3bc292d5ced",
                "sha256:9439e5294de3f18d6e82ec8eee2c46590231cf9c690da80545e83a0733b7a69e",
                "sha256:9fb0923a3bfa99457c5e17888f27b3b8a83a3600b4fef317992e7b7234764732",
                "sha256:a7c3985c68bfe05f7571167ee021d14f5b8d1a4a250c91f0b13be7fb07e6af34",
                "sha256:a8714348ddd671f819457a797c97d4c672166f093def66d66c3254cbd1d43f83",
                "sha256:ad5d8000207a264d1a55681a9276e6a739d3f05cf4429004ad00d61d1892235f",
                "sha256:cc24177de3fdceca5d04807ad9c87d665f0bf01032ed94a9055cd1ed2b3f33e9",
                "sha256:ce3d2207f253b8eb2c824e30d145a9f07a34a14212d57f3beca9f7e03c383cbe",
                "sha256:cfbb073f23deb48e0e60c47f8741d8089121d89cc78629ea8c5b51096efc5be7",
                "sha256:e207c6ce5ce121d7d9b9d2b61b9adca57d1abed112c902d8ffbfdc20fb42c12b",
                "sha256:fd9dd3994bb6f9f7a35f228323f3c4dc44b3cf2ff15fd72d895216e9333550c6",
                "sha256:fdf48d9b1f13af69e4e2c78e05067e322e9c8c97463c315cd0ecb47a94e259fc",
                "sha256:ff3b1025356508d41f4fe48528e509d95f9e4015e90cf158cd58c56dc63e0ac5"
            ],
            "markers": "python_version >= '3.7'",
            "version": "==0.19.3"
        },
        "scipy": {
            "hashes": [
                "sha256:06d2e1b4c491dc7d8eacea139a1b0b295f74e1a1a0f704c375028f8320d16e31",
                "sha256:0d54222d7a3ba6022fdf5773931b5d7c56efe41ede7f7128c7b1637700409108",
                "sha256:1884b66a54887e21addf9c16fb588720a8309a57b2e258ae1c7986d4444d3bc0",
                "sha256:1a72d885fa44247f92743fc20732ae55564ff2a519e8302fb7e18717c5355a8b",
                "sha256:2318bef588acc7a574f5bfdff9c172d0b1bf2c8143d9582e05f878e580a3781e",
                "sha256:4db5b30849606a95dcf519763dd3ab6fe9bd91df49eba517359e450a7d80ce2e",
                "sha256:545c83ffb518094d8c9d83cce216c0c32f8c04aaf28b92cc8283eda0685162d5",
                "sha256:5a04cd7d0d3eff6ea4719371cbc44df31411862b9646db617c99718ff68d4840",
                "sha256:5b88e6d91ad9d59478fafe92a7c757d00c59e3bdc3331be8ada76a4f8d683f58",
                "sha256:68239b6aa6f9c593da8be1509a05cb7f9efe98b80f43a5861cd24c7557e98523",
                "sha256:83b89e9586c62e787f5012e8475fbb12185bafb996a03257e9675cd73d3736dd",
                "sha256:83c06e62a390a9167da60bedd4575a14c1f58ca9dfde59830fc42e5197283dab",
                "sha256:90453d2b93ea82a9f434e4e1cba043e779ff67b92f7a0e85d05d286a3625df3c",
                "sha256:abaf921531b5aeaafced90157db505e10345e45038c39e5d9b6c7922d68085cb",
                "sha256:b41bc822679ad1c9a5f023bc93f6d0543129ca0f37c1ce294dd9d386f0a21096",
                "sha256:c68db6b290cbd4049012990d7fe71a2abd9ffbe82c0056ebe0f01df8be5436b0",
                "sha256:cff3a5295234037e39500d35316a4c5794739433528310e117b8a9a0c76d20fc",
                "sha256:d01e1dd7b15bd2449c8bfc6b7cc67d630700ed655654f0dfcf121600bad205c9",
                "sha256:d644a64e174c16cb4b2e41dfea6af722053e83d066da7343f333a54dae9bc31c",
                "sha256:da8245491d73ed0a994ed9c2e380fd058ce2fa8a18da204681f2fe1f57f98f95",
                "sha256:fbc5c05c85c1a02be77b1ff591087c83bc44579c6d2bd9fb798bb64ea5e1a027"
            ],
            "markers": "python_version >= '3.8'",
            "version": "==1.9.3"
        },
        "shiboken6": {
            "hashes": [
                "sha256:1c3efc307ed20bf9cea5ceafc089032b33aba95297f70e469b5a19f1070eb1e8",
                "sha256:41e67b67f65626bdd909f9c5fd5f80231ee6ae43418b331590ba225b3cfabd5b",
                "sha256:44f81fe7faa4ee3a313e687c8a4852bba454116822e76f80339b2aa0512cfc6a",
                "sha256:6d61061df739e5ed9595f925e4d1de9c98bdabb995ee29d0be88a873a6171e85",
                "sha256:7cee2cb6becd29e55913468602fa90554895ad38448d57f1d2ebe681014b087d",
                "sha256:ed6158e8abe4a28530fba27c367dd78038d338f27d44cc8b863cf1fdb8977f2e"
            ],
            "markers": "python_version < '3.12' and python_version >= '3.7'",
            "version": "==6.4.1"
        },
        "tifffile": {
            "hashes": [
                "sha256:50b61ba943b866d191295bc38a00191c9fdab23ece063544c7f1a264e3f6aa8e",
                "sha256:87f3aee8a0d06b74655269a105de75c1958a24653e1930d523eb516100043503"
            ],
            "markers": "python_version >= '3.8'",
            "version": "==2022.10.10"
        },
        "urllib3": {
            "hashes": [
                "sha256:47cc05d99aaa09c9e72ed5809b60e7ba354e64b59c9c173ac3018642d8bb41fc",
                "sha256:c083dd0dce68dbfbe1129d5271cb90f9447dea7d52097c6e0126120c521ddea8"
            ],
            "markers": "python_version >= '2.7' and python_version not in '3.0, 3.1, 3.2, 3.3, 3.4, 3.5'",
            "version": "==1.26.13"
        },
        "watchdog": {
            "hashes": [
                "sha256:083171652584e1b8829581f965b9b7723ca5f9a2cd7e20271edf264cfd7c1412",
                "sha256:117ffc6ec261639a0209a3252546b12800670d4bf5f84fbd355957a0595fe654",
                "sha256:186f6c55abc5e03872ae14c2f294a153ec7292f807af99f57611acc8caa75306",
                "sha256:195fc70c6e41237362ba720e9aaf394f8178bfc7fa68207f112d108edef1af33",
                "sha256:226b3c6c468ce72051a4c15a4cc2ef317c32590d82ba0b330403cafd98a62cfd",
                "sha256:247dcf1df956daa24828bfea5a138d0e7a7c98b1a47cf1fa5b0c3c16241fcbb7",
                "sha256:255bb5758f7e89b1a13c05a5bceccec2219f8995a3a4c4d6968fe1de6a3b2892",
                "sha256:43ce20ebb36a51f21fa376f76d1d4692452b2527ccd601950d69ed36b9e21609",
                "sha256:4f4e1c4aa54fb86316a62a87b3378c025e228178d55481d30d857c6c438897d6",
                "sha256:5952135968519e2447a01875a6f5fc8c03190b24d14ee52b0f4b1682259520b1",
                "sha256:64a27aed691408a6abd83394b38503e8176f69031ca25d64131d8d640a307591",
                "sha256:6b17d302850c8d412784d9246cfe8d7e3af6bcd45f958abb2d08a6f8bedf695d",
                "sha256:70af927aa1613ded6a68089a9262a009fbdf819f46d09c1a908d4b36e1ba2b2d",
                "sha256:7a833211f49143c3d336729b0020ffd1274078e94b0ae42e22f596999f50279c",
                "sha256:8250546a98388cbc00c3ee3cc5cf96799b5a595270dfcfa855491a64b86ef8c3",
                "sha256:97f9752208f5154e9e7b76acc8c4f5a58801b338de2af14e7e181ee3b28a5d39",
                "sha256:9f05a5f7c12452f6a27203f76779ae3f46fa30f1dd833037ea8cbc2887c60213",
                "sha256:a735a990a1095f75ca4f36ea2ef2752c99e6ee997c46b0de507ba40a09bf7330",
                "sha256:ad576a565260d8f99d97f2e64b0f97a48228317095908568a9d5c786c829d428",
                "sha256:b530ae007a5f5d50b7fbba96634c7ee21abec70dc3e7f0233339c81943848dc1",
                "sha256:bfc4d351e6348d6ec51df007432e6fe80adb53fd41183716017026af03427846",
                "sha256:d3dda00aca282b26194bdd0adec21e4c21e916956d972369359ba63ade616153",
                "sha256:d9820fe47c20c13e3c9dd544d3706a2a26c02b2b43c993b62fcd8011bcc0adb3",
                "sha256:ed80a1628cee19f5cfc6bb74e173f1b4189eb532e705e2a13e3250312a62e0c9",
                "sha256:ee3e38a6cc050a8830089f79cbec8a3878ec2fe5160cdb2dc8ccb6def8552658"
            ],
            "index": "pypi",
            "version": "==2.1.9"
        }
    },
    "develop": {}
}
